// !$*UTF8*$!
{
	archiveVersion = 1;
	classes = {
	};
	objectVersion = 46;
	objects = {

/* Begin PBXBuildFile section */
		25BE8F8914D7FECF00CF9B2B /* main.cpp in Sources */ = {isa = PBXBuildFile; fileRef = 25BE8F8814D7FECF00CF9B2B /* main.cpp */; };
		25BE8F8B14D7FECF00CF9B2B /* Problem10189.1 in CopyFiles */ = {isa = PBXBuildFile; fileRef = 25BE8F8A14D7FECF00CF9B2B /* Problem10189.1 */; };
/* End PBXBuildFile section */

/* Begin PBXCopyFilesBuildPhase section */
		25BE8F8214D7FECF00CF9B2B /* CopyFiles */ = {
			isa = PBXCopyFilesBuildPhase;
			buildActionMask = 2147483647;
			dstPath = /usr/share/man/man1/;
			dstSubfolderSpec = 0;
			files = (
				25BE8F8B14D7FECF00CF9B2B /* Problem10189.1 in CopyFiles */,
			);
			runOnlyForDeploymentPostprocessing = 1;
		};
/* End PBXCopyFilesBuildPhase section */

/* Begin PBXFileReference section */
		25BE8F8414D7FECF00CF9B2B /* Problem10189 */ = {isa = PBXFileReference; explicitFileType = "compiled.mach-o.executable"; includeInIndex = 0; path = Problem10189; sourceTree = BUILT_PRODUCTS_DIR; };
		25BE8F8814D7FECF00CF9B2B /* main.cpp */ = {isa = PBXFileReference; lastKnownFileType = sourcecode.cpp.cpp; path = main.cpp; sourceTree = "<group>"; };
		25BE8F8A14D7FECF00CF9B2B /* Problem10189.1 */ = {isa = PBXFileReference; lastKnownFileType = text.man; path = Problem10189.1; sourceTree = "<group>"; };
/* End PBXFileReference section */

/* Begin PBXFrameworksBuildPhase section */
		25BE8F8114D7FECF00CF9B2B /* Frameworks */ = {
			isa = PBXFrameworksBuildPhase;
			buildActionMask = 2147483647;
			files = (
			);
			runOnlyForDeploymentPostprocessing = 0;
		};
/* End PBXFrameworksBuildPhase section */

/* Begin PBXGroup section */
		25BE8F7914D7FECF00CF9B2B = {
			isa = PBXGroup;
			children = (
				25BE8F8714D7FECF00CF9B2B /* Problem10189 */,
				25BE8F8514D7FECF00CF9B2B /* Products */,
			);
			sourceTree = "<group>";
		};
		25BE8F8514D7FECF00CF9B2B /* Products */ = {
			isa = PBXGroup;
			children = (
				25BE8F8414D7FECF00CF9B2B /* Problem10189 */,
			);
			name = Products;
			sourceTree = "<group>";
		};
		25BE8F8714D7FECF00CF9B2B /* Problem10189 */ = {
			isa = PBXGroup;
			children = (
				25BE8F8814D7FECF00CF9B2B /* main.cpp */,
				25BE8F8A14D7FECF00CF9B2B /* Problem10189.1 */,
			);
			path = Problem10189;
			sourceTree = "<group>";
		};
/* End PBXGroup section */

/* Begin PBXNativeTarget section */
		25BE8F8314D7FECF00CF9B2B /* Problem10189 */ = {
			isa = PBXNativeTarget;
			buildConfigurationList = 25BE8F8E14D7FECF00CF9B2B /* Build configuration list for PBXNativeTarget "Problem10189" */;
			buildPhases = (
				25BE8F8014D7FECF00CF9B2B /* Sources */,
				25BE8F8114D7FECF00CF9B2B /* Frameworks */,
				25BE8F8214D7FECF00CF9B2B /* CopyFiles */,
			);
			buildRules = (
			);
			dependencies = (
			);
			name = Problem10189;
			productName = Problem10189;
			productReference = 25BE8F8414D7FECF00CF9B2B /* Problem10189 */;
			productType = "com.apple.product-type.tool";
		};
/* End PBXNativeTarget section */

/* Begin PBXProject section */
		25BE8F7B14D7FECF00CF9B2B /* Project object */ = {
			isa = PBXProject;
			attributes = {
				LastUpgradeCheck = 0430;
				ORGANIZATIONNAME = "kkabdol@gmail.com";
			};
			buildConfigurationList = 25BE8F7E14D7FECF00CF9B2B /* Build configuration list for PBXProject "Problem10189" */;
			compatibilityVersion = "Xcode 3.2";
			developmentRegion = English;
			hasScannedForEncodings = 0;
			knownRegions = (
				en,
			);
			mainGroup = 25BE8F7914D7FECF00CF9B2B;
			productRefGroup = 25BE8F8514D7FECF00CF9B2B /* Products */;
			projectDirPath = "";
			projectRoot = "";
			targets = (
				25BE8F8314D7FECF00CF9B2B /* Problem10189 */,
			);
		};
/* End PBXProject section */

/* Begin PBXSourcesBuildPhase section */
		25BE8F8014D7FECF00CF9B2B /* Sources */ = {
			isa = PBXSourcesBuildPhase;
			buildActionMask = 2147483647;
			files = (
				25BE8F8914D7FECF00CF9B2B /* main.cpp in Sources */,
			);
			runOnlyForDeploymentPostprocessing = 0;
		};
/* End PBXSourcesBuildPhase section */

/* Begin XCBuildConfiguration section */
		25BE8F8C14D7FECF00CF9B2B /* Debug */ = {
			isa = XCBuildConfiguration;
			buildSettings = {
				ALWAYS_SEARCH_USER_PATHS = NO;
				ARCHS = "$(ARCHS_STANDARD_64_BIT)";
				CLANG_ENABLE_OBJC_ARC = YES;
				COPY_PHASE_STRIP = NO;
				GCC_C_LANGUAGE_STANDARD = gnu99;
				GCC_DYNAMIC_NO_PIC = NO;
				GCC_ENABLE_OBJC_EXCEPTIONS = YES;
				GCC_OPTIMIZATION_LEVEL = 0;
				GCC_PREPROCESSOR_DEFINITIONS = (
					"DEBUG=1",
					"$(inherited)",
				);
				GCC_SYMBOLS_PRIVATE_EXTERN = NO;
				GCC_VERSION = com.apple.compilers.llvm.clang.1_0;
				GCC_WARN_64_TO_32_BIT_CONVERSION = YES;
				GCC_WARN_ABOUT_MISSING_PROTOTYPES = YES;
				GCC_WARN_ABOUT_RETURN_TYPE = YES;
				GCC_WARN_UNUSED_VARIABLE = YES;
				MACOSX_DEPLOYMENT_TARGET = 10.7;
				ONLY_ACTIVE_ARCH = YES;
				SDKROOT = macosx;
			};
			name = Debug;
		};
		25BE8F8D14D7FECF00CF9B2B /* Release */ = {
			isa = XCBuildConfiguration;
			buildSettings = {
				ALWAYS_SEARCH_USER_PATHS = NO;
				ARCHS = "$(ARCHS_STANDARD_64_BIT)";
				CLANG_ENABLE_OBJC_ARC = YES;
				COPY_PHASE_STRIP = YES;
				DEBUG_INFORMATION_FORMAT = "dwarf-with-dsym";
				GCC_C_LANGUAGE_STANDARD = gnu99;
				GCC_ENABLE_OBJC_EXCEPTIONS = YES;
				GCC_VERSION = com.apple.compilers.llvm.clang.1_0;
				GCC_WARN_64_TO_32_BIT_CONVERSION = YES;
				GCC_WARN_ABOUT_MISSING_PROTOTYPES = YES;
				GCC_WARN_ABOUT_RETURN_TYPE = YES;
				GCC_WARN_UNUSED_VARIABLE = YES;
				MACOSX_DEPLOYMENT_TARGET = 10.7;
				SDKROOT = macosx;
			};
			name = Release;
		};
		25BE8F8F14D7FECF00CF9B2B /* Debug */ = {
			isa = XCBuildConfiguration;
			buildSettings = {
				PRODUCT_NAME = "$(TARGET_NAME)";
			};
			name = Debug;
		};
		25BE8F9014D7FECF00CF9B2B /* Release */ = {
			isa = XCBuildConfiguration;
			buildSettings = {
				PRODUCT_NAME = "$(TARGET_NAME)";
			};
			name = Release;
		};
/* End XCBuildConfiguration section */

/* Begin XCConfigurationList section */
		25BE8F7E14D7FECF00CF9B2B /* Build configuration list for PBXProject "Problem10189" */ = {
			isa = XCConfigurationList;
			buildConfigurations = (
				25BE8F8C14D7FECF00CF9B2B /* Debug */,
				25BE8F8D14D7FECF00CF9B2B /* Release */,
			);
			defaultConfigurationIsVisible = 0;
			defaultConfigurationName = Release;
		};
		25BE8F8E14D7FECF00CF9B2B /* Build configuration list for PBXNativeTarget "Problem10189" */ = {
			isa = XCConfigurationList;
			buildConfigurations = (
				25BE8F8F14D7FECF00CF9B2B /* Debug */,
				25BE8F9014D7FECF00CF9B2B /* Release */,
			);
			defaultConfigurationIsVisible = 0;
			defaultConfigurationName = Release;
		};
/* End XCConfigurationList section */
	};
	rootObject = 25BE8F7B14D7FECF00CF9B2B /* Project object */;
}
